
Microsoft Visual Studio Solution File, Format Version 10.00
# Visual Studio 2008
Project("{FAE04EC0-301F-11D3-BF4B-00C04F79EFBC}") = "Dominion", "Dominion\Dominion.csproj", "{564069D4-7946-4930-A106-2F3047FE391A}"
EndProject
Project("{FAE04EC0-301F-11D3-BF4B-00C04F79EFBC}") = "Dominion.Cards", "Dominion.Cards\Dominion.Cards.csproj", "{EBFD38DB-CE38-4560-A786-67C5CD55EA9A}"
EndProject
Project("{FAE04EC0-301F-11D3-BF4B-00C04F79EFBC}") = "Dominion.Rules", "Dominion.Rules\Dominion.Rules.csproj", "{0DDDE57C-2EA0-4AD8-8F3F-7994B2439DE1}"
EndProject
Project("{2150E333-8FDC-42A3-9474-1A3956D46DE8}") = "Binaries", "Binaries", "{9DD30803-1110-42F3-B375-E67D9D6B8EE4}"
	ProjectSection(SolutionItems) = preProject
		Binaries\nunit.framework.dll = Binaries\nunit.framework.dll
	EndProjectSection
EndProject
Project("{FAE04EC0-301F-11D3-BF4B-00C04F79EFBC}") = "Dominion.Tests", "Dominion.Tests\Dominion.Tests.csproj", "{5ED50106-22B0-44B4-92B5-60E8053D8C8E}"
EndProject
Project("{FAE04EC0-301F-11D3-BF4B-00C04F79EFBC}") = "Dominion.GameHost", "Dominion.GameHost\Dominion.GameHost.csproj", "{5E970BE2-F7EB-4075-AF5C-39A800F0786D}"
EndProject
Global
	GlobalSection(SolutionConfigurationPlatforms) = preSolution
		Debug|x86 = Debug|x86
		Release|x86 = Release|x86
	EndGlobalSection
	GlobalSection(ProjectConfigurationPlatforms) = postSolution
		{564069D4-7946-4930-A106-2F3047FE391A}.Debug|x86.ActiveCfg = Debug|x86
		{564069D4-7946-4930-A106-2F3047FE391A}.Debug|x86.Build.0 = Debug|x86
		{564069D4-7946-4930-A106-2F3047FE391A}.Release|x86.ActiveCfg = Release|x86
		{564069D4-7946-4930-A106-2F3047FE391A}.Release|x86.Build.0 = Release|x86
		{EBFD38DB-CE38-4560-A786-67C5CD55EA9A}.Debug|x86.ActiveCfg = Debug|x86
		{EBFD38DB-CE38-4560-A786-67C5CD55EA9A}.Debug|x86.Build.0 = Debug|x86
		{EBFD38DB-CE38-4560-A786-67C5CD55EA9A}.Release|x86.ActiveCfg = Release|x86
		{EBFD38DB-CE38-4560-A786-67C5CD55EA9A}.Release|x86.Build.0 = Release|x86
		{0DDDE57C-2EA0-4AD8-8F3F-7994B2439DE1}.Debug|x86.ActiveCfg = Debug|x86
		{0DDDE57C-2EA0-4AD8-8F3F-7994B2439DE1}.Debug|x86.Build.0 = Debug|x86
		{0DDDE57C-2EA0-4AD8-8F3F-7994B2439DE1}.Release|x86.ActiveCfg = Release|x86
		{0DDDE57C-2EA0-4AD8-8F3F-7994B2439DE1}.Release|x86.Build.0 = Release|x86
		{5ED50106-22B0-44B4-92B5-60E8053D8C8E}.Debug|x86.ActiveCfg = Debug|x86
		{5ED50106-22B0-44B4-92B5-60E8053D8C8E}.Debug|x86.Build.0 = Debug|x86
		{5ED50106-22B0-44B4-92B5-60E8053D8C8E}.Release|x86.ActiveCfg = Release|x86
		{5ED50106-22B0-44B4-92B5-60E8053D8C8E}.Release|x86.Build.0 = Release|x86
		{5E970BE2-F7EB-4075-AF5C-39A800F0786D}.Debug|x86.ActiveCfg = Debug|x86
		{5E970BE2-F7EB-4075-AF5C-39A800F0786D}.Debug|x86.Build.0 = Debug|x86
		{5E970BE2-F7EB-4075-AF5C-39A800F0786D}.Release|x86.ActiveCfg = Release|x86
		{5E970BE2-F7EB-4075-AF5C-39A800F0786D}.Release|x86.Build.0 = Release|x86
	EndGlobalSection
	GlobalSection(SolutionProperties) = preSolution
		HideSolutionNode = FALSE
	EndGlobalSection
EndGlobal
