
Microsoft Visual Studio Solution File, Format Version 10.00
# Visual Studio 2008
Project("{FAE04EC0-301F-11D3-BF4B-00C04F79EFBC}") = "Dominion.Cards", "Dominion.Cards\Dominion.Cards.csproj", "{EBFD38DB-CE38-4560-A786-67C5CD55EA9A}"
EndProject
Project("{FAE04EC0-301F-11D3-BF4B-00C04F79EFBC}") = "Dominion.Rules", "Dominion.Rules\Dominion.Rules.csproj", "{0DDDE57C-2EA0-4AD8-8F3F-7994B2439DE1}"
EndProject
Project("{FAE04EC0-301F-11D3-BF4B-00C04F79EFBC}") = "Dominion.Tests", "Dominion.Tests\Dominion.Tests.csproj", "{5ED50106-22B0-44B4-92B5-60E8053D8C8E}"
EndProject
Project("{FAE04EC0-301F-11D3-BF4B-00C04F79EFBC}") = "Dominion.GameHost", "Dominion.GameHost\Dominion.GameHost.csproj", "{5E970BE2-F7EB-4075-AF5C-39A800F0786D}"
EndProject
Project("{FAE04EC0-301F-11D3-BF4B-00C04F79EFBC}") = "Dominion.Specs", "Dominion.Specs\Dominion.Specs.csproj", "{632796B6-68E3-4C17-85D9-D9444A96A3F7}"
EndProject
Project("{FAE04EC0-301F-11D3-BF4B-00C04F79EFBC}") = "Dominion.Web", "Dominion.Web\Dominion.Web.csproj", "{6C0C7427-F5AF-43F0-8FB6-F11BC89A4048}"
EndProject
Global
	GlobalSection(SolutionConfigurationPlatforms) = preSolution
		Debug|Any CPU = Debug|Any CPU
		Debug|Mixed Platforms = Debug|Mixed Platforms
		Debug|x86 = Debug|x86
		Release|Any CPU = Release|Any CPU
		Release|Mixed Platforms = Release|Mixed Platforms
		Release|x86 = Release|x86
	EndGlobalSection
	GlobalSection(ProjectConfigurationPlatforms) = postSolution
		{EBFD38DB-CE38-4560-A786-67C5CD55EA9A}.Debug|Any CPU.ActiveCfg = Debug|x86
		{EBFD38DB-CE38-4560-A786-67C5CD55EA9A}.Debug|Mixed Platforms.ActiveCfg = Debug|x86
		{EBFD38DB-CE38-4560-A786-67C5CD55EA9A}.Debug|Mixed Platforms.Build.0 = Debug|x86
		{EBFD38DB-CE38-4560-A786-67C5CD55EA9A}.Debug|x86.ActiveCfg = Debug|x86
		{EBFD38DB-CE38-4560-A786-67C5CD55EA9A}.Debug|x86.Build.0 = Debug|x86
		{EBFD38DB-CE38-4560-A786-67C5CD55EA9A}.Release|Any CPU.ActiveCfg = Release|x86
		{EBFD38DB-CE38-4560-A786-67C5CD55EA9A}.Release|Mixed Platforms.ActiveCfg = Release|x86
		{EBFD38DB-CE38-4560-A786-67C5CD55EA9A}.Release|Mixed Platforms.Build.0 = Release|x86
		{EBFD38DB-CE38-4560-A786-67C5CD55EA9A}.Release|x86.ActiveCfg = Release|x86
		{EBFD38DB-CE38-4560-A786-67C5CD55EA9A}.Release|x86.Build.0 = Release|x86
		{0DDDE57C-2EA0-4AD8-8F3F-7994B2439DE1}.Debug|Any CPU.ActiveCfg = Debug|x86
		{0DDDE57C-2EA0-4AD8-8F3F-7994B2439DE1}.Debug|Mixed Platforms.ActiveCfg = Debug|x86
		{0DDDE57C-2EA0-4AD8-8F3F-7994B2439DE1}.Debug|Mixed Platforms.Build.0 = Debug|x86
		{0DDDE57C-2EA0-4AD8-8F3F-7994B2439DE1}.Debug|x86.ActiveCfg = Debug|x86
		{0DDDE57C-2EA0-4AD8-8F3F-7994B2439DE1}.Debug|x86.Build.0 = Debug|x86
		{0DDDE57C-2EA0-4AD8-8F3F-7994B2439DE1}.Release|Any CPU.ActiveCfg = Release|x86
		{0DDDE57C-2EA0-4AD8-8F3F-7994B2439DE1}.Release|Mixed Platforms.ActiveCfg = Release|x86
		{0DDDE57C-2EA0-4AD8-8F3F-7994B2439DE1}.Release|Mixed Platforms.Build.0 = Release|x86
		{0DDDE57C-2EA0-4AD8-8F3F-7994B2439DE1}.Release|x86.ActiveCfg = Release|x86
		{0DDDE57C-2EA0-4AD8-8F3F-7994B2439DE1}.Release|x86.Build.0 = Release|x86
		{5ED50106-22B0-44B4-92B5-60E8053D8C8E}.Debug|Any CPU.ActiveCfg = Debug|x86
		{5ED50106-22B0-44B4-92B5-60E8053D8C8E}.Debug|Mixed Platforms.ActiveCfg = Debug|x86
		{5ED50106-22B0-44B4-92B5-60E8053D8C8E}.Debug|Mixed Platforms.Build.0 = Debug|x86
		{5ED50106-22B0-44B4-92B5-60E8053D8C8E}.Debug|x86.ActiveCfg = Debug|x86
		{5ED50106-22B0-44B4-92B5-60E8053D8C8E}.Debug|x86.Build.0 = Debug|x86
		{5ED50106-22B0-44B4-92B5-60E8053D8C8E}.Release|Any CPU.ActiveCfg = Release|x86
		{5ED50106-22B0-44B4-92B5-60E8053D8C8E}.Release|Mixed Platforms.ActiveCfg = Release|x86
		{5ED50106-22B0-44B4-92B5-60E8053D8C8E}.Release|Mixed Platforms.Build.0 = Release|x86
		{5ED50106-22B0-44B4-92B5-60E8053D8C8E}.Release|x86.ActiveCfg = Release|x86
		{5ED50106-22B0-44B4-92B5-60E8053D8C8E}.Release|x86.Build.0 = Release|x86
		{5E970BE2-F7EB-4075-AF5C-39A800F0786D}.Debug|Any CPU.ActiveCfg = Debug|x86
		{5E970BE2-F7EB-4075-AF5C-39A800F0786D}.Debug|Mixed Platforms.ActiveCfg = Debug|x86
		{5E970BE2-F7EB-4075-AF5C-39A800F0786D}.Debug|Mixed Platforms.Build.0 = Debug|x86
		{5E970BE2-F7EB-4075-AF5C-39A800F0786D}.Debug|x86.ActiveCfg = Debug|x86
		{5E970BE2-F7EB-4075-AF5C-39A800F0786D}.Debug|x86.Build.0 = Debug|x86
		{5E970BE2-F7EB-4075-AF5C-39A800F0786D}.Release|Any CPU.ActiveCfg = Release|x86
		{5E970BE2-F7EB-4075-AF5C-39A800F0786D}.Release|Mixed Platforms.ActiveCfg = Release|x86
		{5E970BE2-F7EB-4075-AF5C-39A800F0786D}.Release|Mixed Platforms.Build.0 = Release|x86
		{5E970BE2-F7EB-4075-AF5C-39A800F0786D}.Release|x86.ActiveCfg = Release|x86
		{5E970BE2-F7EB-4075-AF5C-39A800F0786D}.Release|x86.Build.0 = Release|x86
		{632796B6-68E3-4C17-85D9-D9444A96A3F7}.Debug|Any CPU.ActiveCfg = Debug|x86
		{632796B6-68E3-4C17-85D9-D9444A96A3F7}.Debug|Mixed Platforms.ActiveCfg = Debug|x86
		{632796B6-68E3-4C17-85D9-D9444A96A3F7}.Debug|Mixed Platforms.Build.0 = Debug|x86
		{632796B6-68E3-4C17-85D9-D9444A96A3F7}.Debug|x86.ActiveCfg = Debug|x86
		{632796B6-68E3-4C17-85D9-D9444A96A3F7}.Debug|x86.Build.0 = Debug|x86
		{632796B6-68E3-4C17-85D9-D9444A96A3F7}.Release|Any CPU.ActiveCfg = Release|x86
		{632796B6-68E3-4C17-85D9-D9444A96A3F7}.Release|Mixed Platforms.ActiveCfg = Release|x86
		{632796B6-68E3-4C17-85D9-D9444A96A3F7}.Release|Mixed Platforms.Build.0 = Release|x86
		{632796B6-68E3-4C17-85D9-D9444A96A3F7}.Release|x86.ActiveCfg = Release|x86
		{632796B6-68E3-4C17-85D9-D9444A96A3F7}.Release|x86.Build.0 = Release|x86
		{6C0C7427-F5AF-43F0-8FB6-F11BC89A4048}.Debug|Any CPU.ActiveCfg = Debug|Any CPU
		{6C0C7427-F5AF-43F0-8FB6-F11BC89A4048}.Debug|Any CPU.Build.0 = Debug|Any CPU
		{6C0C7427-F5AF-43F0-8FB6-F11BC89A4048}.Debug|Mixed Platforms.ActiveCfg = Debug|Any CPU
		{6C0C7427-F5AF-43F0-8FB6-F11BC89A4048}.Debug|x86.ActiveCfg = Debug|Any CPU
		{6C0C7427-F5AF-43F0-8FB6-F11BC89A4048}.Release|Any CPU.ActiveCfg = Release|Any CPU
		{6C0C7427-F5AF-43F0-8FB6-F11BC89A4048}.Release|Any CPU.Build.0 = Release|Any CPU
		{6C0C7427-F5AF-43F0-8FB6-F11BC89A4048}.Release|Mixed Platforms.ActiveCfg = Release|Any CPU
		{6C0C7427-F5AF-43F0-8FB6-F11BC89A4048}.Release|Mixed Platforms.Build.0 = Release|Any CPU
		{6C0C7427-F5AF-43F0-8FB6-F11BC89A4048}.Release|x86.ActiveCfg = Release|Any CPU
	EndGlobalSection
	GlobalSection(SolutionProperties) = preSolution
		HideSolutionNode = FALSE
	EndGlobalSection
EndGlobal
